
Microsoft Visual Studio Solution File, Format Version 12.00
# Visual Studio Version 17
VisualStudioVersion = 17.6.33815.320
MinimumVisualStudioVersion = 10.0.40219.1
Project("{FAE04EC0-301F-11D3-BF4B-00C04F79EFBC}") = "MvcGames", "MvcGames.csproj", "{6CCC6EF5-2AEC-4CED-8463-110A1E26F06C}"
EndProject
Global
	GlobalSection(SolutionConfigurationPlatforms) = preSolution
		Debug|Any CPU = Debug|Any CPU
		Release|Any CPU = Release|Any CPU
	EndGlobalSection
	GlobalSection(ProjectConfigurationPlatforms) = postSolution
		{6CCC6EF5-2AEC-4CED-8463-110A1E26F06C}.Debug|Any CPU.ActiveCfg = Debug|Any CPU
		{6CCC6EF5-2AEC-4CED-8463-110A1E26F06C}.Debug|Any CPU.Build.0 = Debug|Any CPU
		{6CCC6EF5-2AEC-4CED-8463-110A1E26F06C}.Release|Any CPU.ActiveCfg = Release|Any CPU
		{6CCC6EF5-2AEC-4CED-8463-110A1E26F06C}.Release|Any CPU.Build.0 = Release|Any CPU
	EndGlobalSection
	GlobalSection(SolutionProperties) = preSolution
		HideSolutionNode = FALSE
	EndGlobalSection
	GlobalSection(ExtensibilityGlobals) = postSolution
		SolutionGuid = {597D209F-7F65-4F49-AB99-0D4BE17B813F}
	EndGlobalSection
EndGlobal
